
Microsoft Visual Studio Solution File, Format Version 12.00
# Visual Studio Version 16
VisualStudioVersion = 16.0.29519.87
MinimumVisualStudioVersion = 10.0.40219.1
Project("{2150E333-8FDC-42A3-9474-1A3956D46DE8}") = "1_UI", "1_UI", "{A8B8FF56-F331-4C47-BC65-8831E4366D01}"
EndProject
Project("{2150E333-8FDC-42A3-9474-1A3956D46DE8}") = "2_Service", "2_Service", "{70AB2BEF-D741-4015-A353-DF77BF010681}"
EndProject
Project("{2150E333-8FDC-42A3-9474-1A3956D46DE8}") = "3_Repository", "3_Repository", "{F99B844F-E0D3-4E64-BCA2-00CCBBA0B335}"
EndProject
Project("{2150E333-8FDC-42A3-9474-1A3956D46DE8}") = "5_Data", "5_Data", "{95C6D937-210E-4BF8-9E99-E437343CB4C3}"
EndProject
Project("{2150E333-8FDC-42A3-9474-1A3956D46DE8}") = "6_Infrastructure", "6_Infrastructure", "{461418CE-3F1A-40B4-9A84-9C5E6B19BF63}"
EndProject
Project("{2150E333-8FDC-42A3-9474-1A3956D46DE8}") = "7_Test", "7_Test", "{AB65579B-A111-448F-A458-5E7ED65A84FB}"
EndProject
Project("{9A19103F-16F7-4668-BE54-9A1E7A4F7556}") = "Hogwarts.Admin", "UI\Hogwarts.Admin\Hogwarts.Admin.csproj", "{19846573-CD92-4FAC-A72E-CC5316512708}"
EndProject
Project("{9A19103F-16F7-4668-BE54-9A1E7A4F7556}") = "Hogwarts.Data", "Data\Hogwarts.Data\Hogwarts.Data.csproj", "{22EF9141-0550-4DF9-AFDD-6595E06AEB77}"
EndProject
Project("{9A19103F-16F7-4668-BE54-9A1E7A4F7556}") = "Hogwarts.IRepository", "Repository\Hogwarts.IRepository\Hogwarts.IRepository.csproj", "{E65A177D-07CD-435A-85D2-4FE0C8B66BF8}"
EndProject
Project("{9A19103F-16F7-4668-BE54-9A1E7A4F7556}") = "Hogwarts.Repository", "Repository\Hogwarts.Repository\Hogwarts.Repository.csproj", "{5DF2CD32-008D-4C42-A43E-54730BA4BCBB}"
EndProject
Project("{9A19103F-16F7-4668-BE54-9A1E7A4F7556}") = "Hogwarts.IService", "Service\Hogwarts.IService\Hogwarts.IService.csproj", "{8608BAF1-4399-479D-A0CF-72B15215EC39}"
EndProject
Project("{9A19103F-16F7-4668-BE54-9A1E7A4F7556}") = "Hogwarts.Service", "Service\Hogwarts.Service\Hogwarts.Service.csproj", "{F8611231-94D5-4DF9-AB96-FDB157113033}"
EndProject
Project("{9A19103F-16F7-4668-BE54-9A1E7A4F7556}") = "Hogwarts.Core", "Infrastructure\Hogwarts.Core\Hogwarts.Core.csproj", "{5013942A-635A-4FA3-A833-DEC0B02DB4AD}"
EndProject
Project("{2150E333-8FDC-42A3-9474-1A3956D46DE8}") = "4_Model", "4_Model", "{CFA60531-36A9-4527-8E18-89FF342CCB0E}"
EndProject
Project("{9A19103F-16F7-4668-BE54-9A1E7A4F7556}") = "Hogwarts.DB.Model", "Model\Hogwarts.DB.Model\Hogwarts.DB.Model.csproj", "{D2444E50-43F6-4423-9578-2F63B14E6E62}"
EndProject
Project("{9A19103F-16F7-4668-BE54-9A1E7A4F7556}") = "Hogwarts.View.Model", "Model\Hogwarts.View.Model\Hogwarts.View.Model.csproj", "{E8A44A20-60F3-4215-A901-9192C0B7F658}"
EndProject
Project("{FAE04EC0-301F-11D3-BF4B-00C04F79EFBC}") = "XUnitTestHogwarts", "Test\XUnitTestHogwarts\XUnitTestHogwarts.csproj", "{31961E2B-6088-481A-A9AF-D3FF3F0E194A}"
EndProject
Global
	GlobalSection(SolutionConfigurationPlatforms) = preSolution
		Debug|Any CPU = Debug|Any CPU
		Release|Any CPU = Release|Any CPU
	EndGlobalSection
	GlobalSection(ProjectConfigurationPlatforms) = postSolution
		{19846573-CD92-4FAC-A72E-CC5316512708}.Debug|Any CPU.ActiveCfg = Debug|Any CPU
		{19846573-CD92-4FAC-A72E-CC5316512708}.Debug|Any CPU.Build.0 = Debug|Any CPU
		{19846573-CD92-4FAC-A72E-CC5316512708}.Release|Any CPU.ActiveCfg = Release|Any CPU
		{19846573-CD92-4FAC-A72E-CC5316512708}.Release|Any CPU.Build.0 = Release|Any CPU
		{22EF9141-0550-4DF9-AFDD-6595E06AEB77}.Debug|Any CPU.ActiveCfg = Debug|Any CPU
		{22EF9141-0550-4DF9-AFDD-6595E06AEB77}.Debug|Any CPU.Build.0 = Debug|Any CPU
		{22EF9141-0550-4DF9-AFDD-6595E06AEB77}.Release|Any CPU.ActiveCfg = Release|Any CPU
		{22EF9141-0550-4DF9-AFDD-6595E06AEB77}.Release|Any CPU.Build.0 = Release|Any CPU
		{E65A177D-07CD-435A-85D2-4FE0C8B66BF8}.Debug|Any CPU.ActiveCfg = Debug|Any CPU
		{E65A177D-07CD-435A-85D2-4FE0C8B66BF8}.Debug|Any CPU.Build.0 = Debug|Any CPU
		{E65A177D-07CD-435A-85D2-4FE0C8B66BF8}.Release|Any CPU.ActiveCfg = Release|Any CPU
		{E65A177D-07CD-435A-85D2-4FE0C8B66BF8}.Release|Any CPU.Build.0 = Release|Any CPU
		{5DF2CD32-008D-4C42-A43E-54730BA4BCBB}.Debug|Any CPU.ActiveCfg = Debug|Any CPU
		{5DF2CD32-008D-4C42-A43E-54730BA4BCBB}.Debug|Any CPU.Build.0 = Debug|Any CPU
		{5DF2CD32-008D-4C42-A43E-54730BA4BCBB}.Release|Any CPU.ActiveCfg = Release|Any CPU
		{5DF2CD32-008D-4C42-A43E-54730BA4BCBB}.Release|Any CPU.Build.0 = Release|Any CPU
		{8608BAF1-4399-479D-A0CF-72B15215EC39}.Debug|Any CPU.ActiveCfg = Debug|Any CPU
		{8608BAF1-4399-479D-A0CF-72B15215EC39}.Debug|Any CPU.Build.0 = Debug|Any CPU
		{8608BAF1-4399-479D-A0CF-72B15215EC39}.Release|Any CPU.ActiveCfg = Release|Any CPU
		{8608BAF1-4399-479D-A0CF-72B15215EC39}.Release|Any CPU.Build.0 = Release|Any CPU
		{F8611231-94D5-4DF9-AB96-FDB157113033}.Debug|Any CPU.ActiveCfg = Debug|Any CPU
		{F8611231-94D5-4DF9-AB96-FDB157113033}.Debug|Any CPU.Build.0 = Debug|Any CPU
		{F8611231-94D5-4DF9-AB96-FDB157113033}.Release|Any CPU.ActiveCfg = Release|Any CPU
		{F8611231-94D5-4DF9-AB96-FDB157113033}.Release|Any CPU.Build.0 = Release|Any CPU
		{5013942A-635A-4FA3-A833-DEC0B02DB4AD}.Debug|Any CPU.ActiveCfg = Debug|Any CPU
		{5013942A-635A-4FA3-A833-DEC0B02DB4AD}.Debug|Any CPU.Build.0 = Debug|Any CPU
		{5013942A-635A-4FA3-A833-DEC0B02DB4AD}.Release|Any CPU.ActiveCfg = Release|Any CPU
		{5013942A-635A-4FA3-A833-DEC0B02DB4AD}.Release|Any CPU.Build.0 = Release|Any CPU
		{D2444E50-43F6-4423-9578-2F63B14E6E62}.Debug|Any CPU.ActiveCfg = Debug|Any CPU
		{D2444E50-43F6-4423-9578-2F63B14E6E62}.Debug|Any CPU.Build.0 = Debug|Any CPU
		{D2444E50-43F6-4423-9578-2F63B14E6E62}.Release|Any CPU.ActiveCfg = Release|Any CPU
		{D2444E50-43F6-4423-9578-2F63B14E6E62}.Release|Any CPU.Build.0 = Release|Any CPU
		{E8A44A20-60F3-4215-A901-9192C0B7F658}.Debug|Any CPU.ActiveCfg = Debug|Any CPU
		{E8A44A20-60F3-4215-A901-9192C0B7F658}.Debug|Any CPU.Build.0 = Debug|Any CPU
		{E8A44A20-60F3-4215-A901-9192C0B7F658}.Release|Any CPU.ActiveCfg = Release|Any CPU
		{E8A44A20-60F3-4215-A901-9192C0B7F658}.Release|Any CPU.Build.0 = Release|Any CPU
		{31961E2B-6088-481A-A9AF-D3FF3F0E194A}.Debug|Any CPU.ActiveCfg = Debug|Any CPU
		{31961E2B-6088-481A-A9AF-D3FF3F0E194A}.Debug|Any CPU.Build.0 = Debug|Any CPU
		{31961E2B-6088-481A-A9AF-D3FF3F0E194A}.Release|Any CPU.ActiveCfg = Release|Any CPU
		{31961E2B-6088-481A-A9AF-D3FF3F0E194A}.Release|Any CPU.Build.0 = Release|Any CPU
	EndGlobalSection
	GlobalSection(SolutionProperties) = preSolution
		HideSolutionNode = FALSE
	EndGlobalSection
	GlobalSection(NestedProjects) = preSolution
		{19846573-CD92-4FAC-A72E-CC5316512708} = {A8B8FF56-F331-4C47-BC65-8831E4366D01}
		{22EF9141-0550-4DF9-AFDD-6595E06AEB77} = {95C6D937-210E-4BF8-9E99-E437343CB4C3}
		{E65A177D-07CD-435A-85D2-4FE0C8B66BF8} = {F99B844F-E0D3-4E64-BCA2-00CCBBA0B335}
		{5DF2CD32-008D-4C42-A43E-54730BA4BCBB} = {F99B844F-E0D3-4E64-BCA2-00CCBBA0B335}
		{8608BAF1-4399-479D-A0CF-72B15215EC39} = {70AB2BEF-D741-4015-A353-DF77BF010681}
		{F8611231-94D5-4DF9-AB96-FDB157113033} = {70AB2BEF-D741-4015-A353-DF77BF010681}
		{5013942A-635A-4FA3-A833-DEC0B02DB4AD} = {461418CE-3F1A-40B4-9A84-9C5E6B19BF63}
		{D2444E50-43F6-4423-9578-2F63B14E6E62} = {CFA60531-36A9-4527-8E18-89FF342CCB0E}
		{E8A44A20-60F3-4215-A901-9192C0B7F658} = {CFA60531-36A9-4527-8E18-89FF342CCB0E}
		{31961E2B-6088-481A-A9AF-D3FF3F0E194A} = {AB65579B-A111-448F-A458-5E7ED65A84FB}
	EndGlobalSection
	GlobalSection(ExtensibilityGlobals) = postSolution
		SolutionGuid = {8D7AE5B5-2DA2-4B78-8E98-AFFA5C09E220}
	EndGlobalSection
EndGlobal
